
Microsoft Visual Studio Solution File, Format Version 12.00
# Visual Studio Version 16
VisualStudioVersion = 16.0.31025.194
MinimumVisualStudioVersion = 10.0.40219.1
Project("{FAE04EC0-301F-11D3-BF4B-00C04F79EFBC}") = "NguyenHoangLong_5951071052", "NguyenHoangLong_5951071052\NguyenHoangLong_5951071052.csproj", "{7E578904-CFFE-484F-8EED-6F8F0DA0E67B}"
EndProject
Global
	GlobalSection(SolutionConfigurationPlatforms) = preSolution
		Debug|Any CPU = Debug|Any CPU
		Release|Any CPU = Release|Any CPU
	EndGlobalSection
	GlobalSection(ProjectConfigurationPlatforms) = postSolution
		{7E578904-CFFE-484F-8EED-6F8F0DA0E67B}.Debug|Any CPU.ActiveCfg = Debug|Any CPU
		{7E578904-CFFE-484F-8EED-6F8F0DA0E67B}.Debug|Any CPU.Build.0 = Debug|Any CPU
		{7E578904-CFFE-484F-8EED-6F8F0DA0E67B}.Release|Any CPU.ActiveCfg = Release|Any CPU
		{7E578904-CFFE-484F-8EED-6F8F0DA0E67B}.Release|Any CPU.Build.0 = Release|Any CPU
	EndGlobalSection
	GlobalSection(SolutionProperties) = preSolution
		HideSolutionNode = FALSE
	EndGlobalSection
	GlobalSection(ExtensibilityGlobals) = postSolution
		SolutionGuid = {6DE91DFD-5AAF-47B2-A6D2-FD71716A86C2}
	EndGlobalSection
EndGlobal
